
Microsoft Visual Studio Solution File, Format Version 12.00
# Visual Studio Version 16
VisualStudioVersion = 16.0.809.10
MinimumVisualStudioVersion = 10.0.40219.1
Project("{FAE04EC0-301F-11D3-BF4B-00C04F79EFBC}") = "PanasonicApp.Android", "PanasonicApp.Android\PanasonicApp.Android.csproj", "{3126E633-B559-4647-8A3A-3D6607BB1856}"
EndProject
Project("{FAE04EC0-301F-11D3-BF4B-00C04F79EFBC}") = "PanasonicApp.iOS", "PanasonicApp.iOS\PanasonicApp.iOS.csproj", "{2B909CBB-22C2-494A-BDFD-B887BB2D52A4}"
EndProject
Project("{D954291E-2A0B-460D-934E-DC6B0785DB48}") = "PanasonicApp", "PanasonicApp\PanasonicApp.shproj", "{DB7CB3F2-10C1-4FD3-86A3-8D08AB7FAB3C}"
EndProject
Global
	GlobalSection(SolutionConfigurationPlatforms) = preSolution
		Debug|Any CPU = Debug|Any CPU
		Release|Any CPU = Release|Any CPU
		Debug|iPhoneSimulator = Debug|iPhoneSimulator
		Release|iPhoneSimulator = Release|iPhoneSimulator
		Debug|iPhone = Debug|iPhone
		Release|iPhone = Release|iPhone
	EndGlobalSection
	GlobalSection(ProjectConfigurationPlatforms) = postSolution
		{3126E633-B559-4647-8A3A-3D6607BB1856}.Debug|Any CPU.ActiveCfg = Debug|Any CPU
		{3126E633-B559-4647-8A3A-3D6607BB1856}.Debug|Any CPU.Build.0 = Debug|Any CPU
		{3126E633-B559-4647-8A3A-3D6607BB1856}.Release|Any CPU.ActiveCfg = Release|Any CPU
		{3126E633-B559-4647-8A3A-3D6607BB1856}.Release|Any CPU.Build.0 = Release|Any CPU
		{3126E633-B559-4647-8A3A-3D6607BB1856}.Debug|iPhoneSimulator.ActiveCfg = Debug|Any CPU
		{3126E633-B559-4647-8A3A-3D6607BB1856}.Debug|iPhoneSimulator.Build.0 = Debug|Any CPU
		{3126E633-B559-4647-8A3A-3D6607BB1856}.Release|iPhoneSimulator.ActiveCfg = Release|Any CPU
		{3126E633-B559-4647-8A3A-3D6607BB1856}.Release|iPhoneSimulator.Build.0 = Release|Any CPU
		{3126E633-B559-4647-8A3A-3D6607BB1856}.Debug|iPhone.ActiveCfg = Debug|Any CPU
		{3126E633-B559-4647-8A3A-3D6607BB1856}.Debug|iPhone.Build.0 = Debug|Any CPU
		{3126E633-B559-4647-8A3A-3D6607BB1856}.Release|iPhone.ActiveCfg = Release|Any CPU
		{3126E633-B559-4647-8A3A-3D6607BB1856}.Release|iPhone.Build.0 = Release|Any CPU
		{2B909CBB-22C2-494A-BDFD-B887BB2D52A4}.Debug|Any CPU.ActiveCfg = Debug|iPhoneSimulator
		{2B909CBB-22C2-494A-BDFD-B887BB2D52A4}.Debug|Any CPU.Build.0 = Debug|iPhoneSimulator
		{2B909CBB-22C2-494A-BDFD-B887BB2D52A4}.Release|Any CPU.ActiveCfg = Release|iPhoneSimulator
		{2B909CBB-22C2-494A-BDFD-B887BB2D52A4}.Release|Any CPU.Build.0 = Release|iPhoneSimulator
		{2B909CBB-22C2-494A-BDFD-B887BB2D52A4}.Debug|iPhoneSimulator.ActiveCfg = Debug|iPhoneSimulator
		{2B909CBB-22C2-494A-BDFD-B887BB2D52A4}.Debug|iPhoneSimulator.Build.0 = Debug|iPhoneSimulator
		{2B909CBB-22C2-494A-BDFD-B887BB2D52A4}.Release|iPhoneSimulator.ActiveCfg = Release|iPhoneSimulator
		{2B909CBB-22C2-494A-BDFD-B887BB2D52A4}.Release|iPhoneSimulator.Build.0 = Release|iPhoneSimulator
		{2B909CBB-22C2-494A-BDFD-B887BB2D52A4}.Debug|iPhone.ActiveCfg = Debug|iPhone
		{2B909CBB-22C2-494A-BDFD-B887BB2D52A4}.Debug|iPhone.Build.0 = Debug|iPhone
		{2B909CBB-22C2-494A-BDFD-B887BB2D52A4}.Release|iPhone.ActiveCfg = Release|iPhone
		{2B909CBB-22C2-494A-BDFD-B887BB2D52A4}.Release|iPhone.Build.0 = Release|iPhone
	EndGlobalSection
	GlobalSection(SolutionProperties) = preSolution
		HideSolutionNode = FALSE
	EndGlobalSection
	GlobalSection(ExtensibilityGlobals) = postSolution
		SolutionGuid = {6BC66B94-B52E-4EE0-A5F8-5E0FCB0CE104}
	EndGlobalSection
EndGlobal
